
Microsoft Visual Studio Solution File, Format Version 12.00
# Visual Studio Version 17
VisualStudioVersion = 17.9.34723.18
MinimumVisualStudioVersion = 10.0.40219.1
Project("{FAE04EC0-301F-11D3-BF4B-00C04F79EFBC}") = "DomainLayer", "DomainLayer\DomainLayer.csproj", "{3946161F-9824-4D90-8D0B-DF827F336543}"
EndProject
Project("{FAE04EC0-301F-11D3-BF4B-00C04F79EFBC}") = "ApplicationLayer", "ApplicationLayer\ApplicationLayer.csproj", "{58BBEA76-C128-4EF8-8849-1EC5A5139F4B}"
EndProject
Project("{FAE04EC0-301F-11D3-BF4B-00C04F79EFBC}") = "InfrastructureLayer", "InfrastructureLayer\InfrastructureLayer.csproj", "{BE1D5016-0A68-483E-B2C1-43EC6EE41480}"
EndProject
Project("{2150E333-8FDC-42A3-9474-1A3956D46DE8}") = "PresentationLayer", "PresentationLayer", "{8CF6128F-10C3-4172-96D3-7530BF80C407}"
EndProject
Project("{FAE04EC0-301F-11D3-BF4B-00C04F79EFBC}") = "WebApi", "WebApi\WebApi.csproj", "{4EFDC7F9-AB04-4D8E-AE7E-B0CF2C54659F}"
EndProject
Global
	GlobalSection(SolutionConfigurationPlatforms) = preSolution
		Debug|Any CPU = Debug|Any CPU
		Release|Any CPU = Release|Any CPU
	EndGlobalSection
	GlobalSection(ProjectConfigurationPlatforms) = postSolution
		{3946161F-9824-4D90-8D0B-DF827F336543}.Debug|Any CPU.ActiveCfg = Debug|Any CPU
		{3946161F-9824-4D90-8D0B-DF827F336543}.Debug|Any CPU.Build.0 = Debug|Any CPU
		{3946161F-9824-4D90-8D0B-DF827F336543}.Release|Any CPU.ActiveCfg = Release|Any CPU
		{3946161F-9824-4D90-8D0B-DF827F336543}.Release|Any CPU.Build.0 = Release|Any CPU
		{58BBEA76-C128-4EF8-8849-1EC5A5139F4B}.Debug|Any CPU.ActiveCfg = Debug|Any CPU
		{58BBEA76-C128-4EF8-8849-1EC5A5139F4B}.Debug|Any CPU.Build.0 = Debug|Any CPU
		{58BBEA76-C128-4EF8-8849-1EC5A5139F4B}.Release|Any CPU.ActiveCfg = Release|Any CPU
		{58BBEA76-C128-4EF8-8849-1EC5A5139F4B}.Release|Any CPU.Build.0 = Release|Any CPU
		{BE1D5016-0A68-483E-B2C1-43EC6EE41480}.Debug|Any CPU.ActiveCfg = Debug|Any CPU
		{BE1D5016-0A68-483E-B2C1-43EC6EE41480}.Debug|Any CPU.Build.0 = Debug|Any CPU
		{BE1D5016-0A68-483E-B2C1-43EC6EE41480}.Release|Any CPU.ActiveCfg = Release|Any CPU
		{BE1D5016-0A68-483E-B2C1-43EC6EE41480}.Release|Any CPU.Build.0 = Release|Any CPU
		{4EFDC7F9-AB04-4D8E-AE7E-B0CF2C54659F}.Debug|Any CPU.ActiveCfg = Debug|Any CPU
		{4EFDC7F9-AB04-4D8E-AE7E-B0CF2C54659F}.Debug|Any CPU.Build.0 = Debug|Any CPU
		{4EFDC7F9-AB04-4D8E-AE7E-B0CF2C54659F}.Release|Any CPU.ActiveCfg = Release|Any CPU
		{4EFDC7F9-AB04-4D8E-AE7E-B0CF2C54659F}.Release|Any CPU.Build.0 = Release|Any CPU
	EndGlobalSection
	GlobalSection(SolutionProperties) = preSolution
		HideSolutionNode = FALSE
	EndGlobalSection
	GlobalSection(NestedProjects) = preSolution
		{4EFDC7F9-AB04-4D8E-AE7E-B0CF2C54659F} = {8CF6128F-10C3-4172-96D3-7530BF80C407}
	EndGlobalSection
	GlobalSection(ExtensibilityGlobals) = postSolution
		SolutionGuid = {3D1EFF4A-F2C0-4349-83C2-A65E8E9F906C}
	EndGlobalSection
EndGlobal
